
Microsoft Visual Studio Solution File, Format Version 12.00
# Visual Studio 15
VisualStudioVersion = 15.0.27004.2005
MinimumVisualStudioVersion = 10.0.40219.1
Project("{151D2E53-A2C4-4D7D-83FE-D05416EBD58E}") = "testTemplate", "testTemplate\testTemplate.deployproj", "{95F8AFA1-81C0-448B-AFE0-1893D618B4BF}"
EndProject
Global
	GlobalSection(SolutionConfigurationPlatforms) = preSolution
		Debug|Any CPU = Debug|Any CPU
		Release|Any CPU = Release|Any CPU
	EndGlobalSection
	GlobalSection(ProjectConfigurationPlatforms) = postSolution
		{95F8AFA1-81C0-448B-AFE0-1893D618B4BF}.Debug|Any CPU.ActiveCfg = Debug|Any CPU
		{95F8AFA1-81C0-448B-AFE0-1893D618B4BF}.Debug|Any CPU.Build.0 = Debug|Any CPU
		{95F8AFA1-81C0-448B-AFE0-1893D618B4BF}.Release|Any CPU.ActiveCfg = Release|Any CPU
		{95F8AFA1-81C0-448B-AFE0-1893D618B4BF}.Release|Any CPU.Build.0 = Release|Any CPU
	EndGlobalSection
	GlobalSection(SolutionProperties) = preSolution
		HideSolutionNode = FALSE
	EndGlobalSection
	GlobalSection(ExtensibilityGlobals) = postSolution
		SolutionGuid = {6B4D030D-9052-4B15-AD1B-4D18B2072EAB}
	EndGlobalSection
EndGlobal
